// !$*UTF8*$!
{
	archiveVersion = 1;
	classes = {
	};
	objectVersion = 46;
	objects = {

/* Begin PBXBuildFile section */
		8983E7B7A8136797E37915FD /* libPods.a in Frameworks */ = {isa = PBXBuildFile; fileRef = AF4BC961F24205C34EE19492 /* libPods.a */; };
		A7617B141AE93CE200B2FCE9 /* Localizable.strings in Resources */ = {isa = PBXBuildFile; fileRef = A7617B161AE93CE200B2FCE9 /* Localizable.strings */; };
		A78931251AEF8EF5006C9FE7 /* scan_normal.png in Resources */ = {isa = PBXBuildFile; fileRef = A78931241AEF8EF5006C9FE7 /* scan_normal.png */; };
		A79193871AEE7F4D0033FA59 /* 电子警报音效.mp3 in Resources */ = {isa = PBXBuildFile; fileRef = A79193831AEE7F4C0033FA59 /* 电子警报音效.mp3 */; };
		A79193881AEE7F4D0033FA59 /* 防盗器音效.mp3 in Resources */ = {isa = PBXBuildFile; fileRef = A79193841AEE7F4C0033FA59 /* 防盗器音效.mp3 */; };
		A79193891AEE7F4D0033FA59 /* 雷达咚咚音效.mp3 in Resources */ = {isa = PBXBuildFile; fileRef = A79193851AEE7F4C0033FA59 /* 雷达咚咚音效.mp3 */; };
		A791938A1AEE7F4D0033FA59 /* 信号灯音效.mp3 in Resources */ = {isa = PBXBuildFile; fileRef = A79193861AEE7F4C0033FA59 /* 信号灯音效.mp3 */; };
		A79193951AEF69CB0033FA59 /* popback.png in Resources */ = {isa = PBXBuildFile; fileRef = A79193941AEF69CB0033FA59 /* popback.png */; };
		A7BDCA011AE9E4C6009521DC /* tab_photograp_bg.png in Resources */ = {isa = PBXBuildFile; fileRef = A7BDCA001AE9E4C6009521DC /* tab_photograp_bg.png */; };
		A7BDCA031AE9EDB1009521DC /* album.png in Resources */ = {isa = PBXBuildFile; fileRef = A7BDCA021AE9EDB1009521DC /* album.png */; };
		A7BDCA051AE9EFCC009521DC /* MapKit.framework in Frameworks */ = {isa = PBXBuildFile; fileRef = A7BDCA041AE9EFCC009521DC /* MapKit.framework */; };
		A7BDCA071AE9F02E009521DC /* CoreLocation.framework in Frameworks */ = {isa = PBXBuildFile; fileRef = A7BDCA061AE9F02E009521DC /* CoreLocation.framework */; };
		A7BDCA141AEA1B5E009521DC /* camera-switch.png in Resources */ = {isa = PBXBuildFile; fileRef = A7BDCA0E1AEA1B5E009521DC /* camera-switch.png */; };
		A7BDCA151AEA1B5E009521DC /* camera-switch@2x.png in Resources */ = {isa = PBXBuildFile; fileRef = A7BDCA0F1AEA1B5E009521DC /* camera-switch@2x.png */; };
		A7BDCA161AEA1B5E009521DC /* camera-flash-off.png in Resources */ = {isa = PBXBuildFile; fileRef = A7BDCA101AEA1B5E009521DC /* camera-flash-off.png */; };
		A7BDCA171AEA1B5E009521DC /* camera-flash-off@2x.png in Resources */ = {isa = PBXBuildFile; fileRef = A7BDCA111AEA1B5E009521DC /* camera-flash-off@2x.png */; };
		A7BDCA181AEA1B5E009521DC /* camera-flash-on.png in Resources */ = {isa = PBXBuildFile; fileRef = A7BDCA121AEA1B5E009521DC /* camera-flash-on.png */; };
		A7BDCA191AEA1B5E009521DC /* camera-flash-on@2x.png in Resources */ = {isa = PBXBuildFile; fileRef = A7BDCA131AEA1B5E009521DC /* camera-flash-on@2x.png */; };
		A7BDCA1C1AEA1D68009521DC /* PhotoVIew.m in Sources */ = {isa = PBXBuildFile; fileRef = A7BDCA1B1AEA1D68009521DC /* PhotoVIew.m */; };
		A7BDCA231AEA2B6B009521DC /* fanhuijinguo.png in Resources */ = {isa = PBXBuildFile; fileRef = A7BDCA211AEA2B6B009521DC /* fanhuijinguo.png */; };
		A7BDCA241AEA2B6B009521DC /* fanhuijinguo@2x.png in Resources */ = {isa = PBXBuildFile; fileRef = A7BDCA221AEA2B6B009521DC /* fanhuijinguo@2x.png */; };
		A7BDCA281AEA3A17009521DC /* PeripheralsCell.m in Sources */ = {isa = PBXBuildFile; fileRef = A7BDCA261AEA3A17009521DC /* PeripheralsCell.m */; };
		A7BDCA291AEA3A17009521DC /* PeripheralsCell.xib in Resources */ = {isa = PBXBuildFile; fileRef = A7BDCA271AEA3A17009521DC /* PeripheralsCell.xib */; };
		A7BDCA2C1AEA3AB1009521DC /* device_icon_off.png in Resources */ = {isa = PBXBuildFile; fileRef = A7BDCA2A1AEA3AB1009521DC /* device_icon_off.png */; };
		A7BDCA2D1AEA3AB1009521DC /* device_icon_on.png in Resources */ = {isa = PBXBuildFile; fileRef = A7BDCA2B1AEA3AB1009521DC /* device_icon_on.png */; };
		A7BDCA2F1AEA3C2F009521DC /* enter_down.png in Resources */ = {isa = PBXBuildFile; fileRef = A7BDCA2E1AEA3C2F009521DC /* enter_down.png */; };
		A7BDCA311AEA3C66009521DC /* enter_off.png in Resources */ = {isa = PBXBuildFile; fileRef = A7BDCA301AEA3C66009521DC /* enter_off.png */; };
		A7BDCA381AEA401A009521DC /* connect_bottom_off.png in Resources */ = {isa = PBXBuildFile; fileRef = A7BDCA361AEA401A009521DC /* connect_bottom_off.png */; };
		A7BDCA391AEA401A009521DC /* connect_bottom_on.png in Resources */ = {isa = PBXBuildFile; fileRef = A7BDCA371AEA401A009521DC /* connect_bottom_on.png */; };
		A7BDCA3F1AEA44E1009521DC /* BleStatus.m in Sources */ = {isa = PBXBuildFile; fileRef = A7BDCA3E1AEA44E1009521DC /* BleStatus.m */; };
		A7BDCA451AEA4954009521DC /* CoreBluetooth.framework in Frameworks */ = {isa = PBXBuildFile; fileRef = A7BDCA441AEA4954009521DC /* CoreBluetooth.framework */; };
		A7BDCA471AEA4961009521DC /* CoreGraphics.framework in Frameworks */ = {isa = PBXBuildFile; fileRef = A7BDCA461AEA4961009521DC /* CoreGraphics.framework */; };
		A7BDCA4B1AEA88B6009521DC /* PeripheralsDetailSettingViewController.m in Sources */ = {isa = PBXBuildFile; fileRef = A7BDCA491AEA88B6009521DC /* PeripheralsDetailSettingViewController.m */; };
		A7BDCA4C1AEA88B6009521DC /* PeripheralsDetailSettingViewController.xib in Resources */ = {isa = PBXBuildFile; fileRef = A7BDCA4A1AEA88B6009521DC /* PeripheralsDetailSettingViewController.xib */; };
		A7BDCA4E1AEA89E3009521DC /* line.png in Resources */ = {isa = PBXBuildFile; fileRef = A7BDCA4D1AEA89E3009521DC /* line.png */; };
		A7F99CB51AE8F2AC00C4103B /* main.m in Sources */ = {isa = PBXBuildFile; fileRef = A7F99CB41AE8F2AC00C4103B /* main.m */; };
		A7F99CB81AE8F2AC00C4103B /* AppDelegate.m in Sources */ = {isa = PBXBuildFile; fileRef = A7F99CB71AE8F2AC00C4103B /* AppDelegate.m */; };
		A7F99CBB1AE8F2AC00C4103B /* BLECB.xcdatamodeld in Sources */ = {isa = PBXBuildFile; fileRef = A7F99CB91AE8F2AC00C4103B /* BLECB.xcdatamodeld */; };
		A7F99CBE1AE8F2AC00C4103B /* ViewController.m in Sources */ = {isa = PBXBuildFile; fileRef = A7F99CBD1AE8F2AC00C4103B /* ViewController.m */; };
		A7F99CC11AE8F2AC00C4103B /* Main.storyboard in Resources */ = {isa = PBXBuildFile; fileRef = A7F99CBF1AE8F2AC00C4103B /* Main.storyboard */; };
		A7F99CD21AE8F2AC00C4103B /* BLECBTests.m in Sources */ = {isa = PBXBuildFile; fileRef = A7F99CD11AE8F2AC00C4103B /* BLECBTests.m */; };
		A7F99CE61AE8F2CB00C4103B /* Default-568h@2x.png in Resources */ = {isa = PBXBuildFile; fileRef = A7F99CDB1AE8F2CB00C4103B /* Default-568h@2x.png */; };
		A7F99CE71AE8F2CB00C4103B /* Default.png in Resources */ = {isa = PBXBuildFile; fileRef = A7F99CDC1AE8F2CB00C4103B /* Default.png */; };
		A7F99CE81AE8F2CB00C4103B /* Default@2x.png in Resources */ = {isa = PBXBuildFile; fileRef = A7F99CDD1AE8F2CB00C4103B /* Default@2x.png */; };
		A7F99CEF1AE8F2CB00C4103B /* Icon.png in Resources */ = {isa = PBXBuildFile; fileRef = A7F99CE41AE8F2CB00C4103B /* Icon.png */; };
		A7F99CF01AE8F2CB00C4103B /* Icon@2x.png in Resources */ = {isa = PBXBuildFile; fileRef = A7F99CE51AE8F2CB00C4103B /* Icon@2x.png */; };
		A7F99CF51AE8F50C00C4103B /* Peripherals.m in Sources */ = {isa = PBXBuildFile; fileRef = A7F99CF41AE8F50C00C4103B /* Peripherals.m */; };
		A7F99CF81AE8F57200C4103B /* photograph.m in Sources */ = {isa = PBXBuildFile; fileRef = A7F99CF71AE8F57200C4103B /* photograph.m */; };
		A7F99CFB1AE8F59300C4103B /* Loction.m in Sources */ = {isa = PBXBuildFile; fileRef = A7F99CFA1AE8F59300C4103B /* Loction.m */; };
		A7F99CFE1AE8F5A800C4103B /* settings.m in Sources */ = {isa = PBXBuildFile; fileRef = A7F99CFD1AE8F5A800C4103B /* settings.m */; };
		A7F99D181AE8F70B00C4103B /* camera_down.png in Resources */ = {isa = PBXBuildFile; fileRef = A7F99D101AE8F70B00C4103B /* camera_down.png */; };
		A7F99D191AE8F70B00C4103B /* camera_down@2x.png in Resources */ = {isa = PBXBuildFile; fileRef = A7F99D111AE8F70B00C4103B /* camera_down@2x.png */; };
		A7F99D1A1AE8F70B00C4103B /* device_down.png in Resources */ = {isa = PBXBuildFile; fileRef = A7F99D121AE8F70B00C4103B /* device_down.png */; };
		A7F99D1B1AE8F70B00C4103B /* device_down@2x.png in Resources */ = {isa = PBXBuildFile; fileRef = A7F99D131AE8F70B00C4103B /* device_down@2x.png */; };
		A7F99D1C1AE8F70B00C4103B /* local_down.png in Resources */ = {isa = PBXBuildFile; fileRef = A7F99D141AE8F70B00C4103B /* local_down.png */; };
		A7F99D1D1AE8F70B00C4103B /* local_down@2x.png in Resources */ = {isa = PBXBuildFile; fileRef = A7F99D151AE8F70B00C4103B /* local_down@2x.png */; };
		A7F99D1E1AE8F70B00C4103B /* setting_down.png in Resources */ = {isa = PBXBuildFile; fileRef = A7F99D161AE8F70B00C4103B /* setting_down.png */; };
		A7F99D1F1AE8F70B00C4103B /* setting_down@2x.png in Resources */ = {isa = PBXBuildFile; fileRef = A7F99D171AE8F70B00C4103B /* setting_down@2x.png */; };
/* End PBXBuildFile section */

/* Begin PBXContainerItemProxy section */
		A7F99CCC1AE8F2AC00C4103B /* PBXContainerItemProxy */ = {
			isa = PBXContainerItemProxy;
			containerPortal = A7F99CA71AE8F2AC00C4103B /* Project object */;
			proxyType = 1;
			remoteGlobalIDString = A7F99CAE1AE8F2AC00C4103B;
			remoteInfo = BLECB;
		};
/* End PBXContainerItemProxy section */

/* Begin PBXFileReference section */
		0C76B6313D6A863E9C9D3B11 /* Pods.release.xcconfig */ = {isa = PBXFileReference; includeInIndex = 1; lastKnownFileType = text.xcconfig; name = Pods.release.xcconfig; path = "Pods/Target Support Files/Pods/Pods.release.xcconfig"; sourceTree = "<group>"; };
		4A634B759F2F3D4B3E3491E5 /* Pods.debug.xcconfig */ = {isa = PBXFileReference; includeInIndex = 1; lastKnownFileType = text.xcconfig; name = Pods.debug.xcconfig; path = "Pods/Target Support Files/Pods/Pods.debug.xcconfig"; sourceTree = "<group>"; };
		A7617B111AE93B5C00B2FCE9 /* zh-Hans */ = {isa = PBXFileReference; lastKnownFileType = text.plist.strings; name = "zh-Hans"; path = "zh-Hans.lproj/Main.strings"; sourceTree = "<group>"; };
		A7617B181AE9405F00B2FCE9 /* zh-Hans */ = {isa = PBXFileReference; lastKnownFileType = text.plist.strings; name = "zh-Hans"; path = "zh-Hans.lproj/Localizable.strings"; sourceTree = "<group>"; };
		A7617B1A1AE9407C00B2FCE9 /* Base */ = {isa = PBXFileReference; lastKnownFileType = text.plist.strings; name = Base; path = Base.lproj/Localizable.strings; sourceTree = "<group>"; };
		A78931241AEF8EF5006C9FE7 /* scan_normal.png */ = {isa = PBXFileReference; lastKnownFileType = image.png; path = scan_normal.png; sourceTree = "<group>"; };
		A79193831AEE7F4C0033FA59 /* 电子警报音效.mp3 */ = {isa = PBXFileReference; lastKnownFileType = audio.mp3; path = "电子警报音效.mp3"; sourceTree = "<group>"; };
		A79193841AEE7F4C0033FA59 /* 防盗器音效.mp3 */ = {isa = PBXFileReference; lastKnownFileType = audio.mp3; path = "防盗器音效.mp3"; sourceTree = "<group>"; };
		A79193851AEE7F4C0033FA59 /* 雷达咚咚音效.mp3 */ = {isa = PBXFileReference; lastKnownFileType = audio.mp3; path = "雷达咚咚音效.mp3"; sourceTree = "<group>"; };
		A79193861AEE7F4C0033FA59 /* 信号灯音效.mp3 */ = {isa = PBXFileReference; lastKnownFileType = audio.mp3; path = "信号灯音效.mp3"; sourceTree = "<group>"; };
		A79193941AEF69CB0033FA59 /* popback.png */ = {isa = PBXFileReference; lastKnownFileType = image.png; path = popback.png; sourceTree = "<group>"; };
		A7BDCA001AE9E4C6009521DC /* tab_photograp_bg.png */ = {isa = PBXFileReference; lastKnownFileType = image.png; path = tab_photograp_bg.png; sourceTree = "<group>"; };
		A7BDCA021AE9EDB1009521DC /* album.png */ = {isa = PBXFileReference; lastKnownFileType = image.png; path = album.png; sourceTree = "<group>"; };
		A7BDCA041AE9EFCC009521DC /* MapKit.framework */ = {isa = PBXFileReference; lastKnownFileType = wrapper.framework; name = MapKit.framework; path = System/Library/Frameworks/MapKit.framework; sourceTree = SDKROOT; };
		A7BDCA061AE9F02E009521DC /* CoreLocation.framework */ = {isa = PBXFileReference; lastKnownFileType = wrapper.framework; name = CoreLocation.framework; path = System/Library/Frameworks/CoreLocation.framework; sourceTree = SDKROOT; };
		A7BDCA0E1AEA1B5E009521DC /* camera-switch.png */ = {isa = PBXFileReference; lastKnownFileType = image.png; path = "camera-switch.png"; sourceTree = "<group>"; };
		A7BDCA0F1AEA1B5E009521DC /* camera-switch@2x.png */ = {isa = PBXFileReference; lastKnownFileType = image.png; path = "camera-switch@2x.png"; sourceTree = "<group>"; };
		A7BDCA101AEA1B5E009521DC /* camera-flash-off.png */ = {isa = PBXFileReference; lastKnownFileType = image.png; path = "camera-flash-off.png"; sourceTree = "<group>"; };
		A7BDCA111AEA1B5E009521DC /* camera-flash-off@2x.png */ = {isa = PBXFileReference; lastKnownFileType = image.png; path = "camera-flash-off@2x.png"; sourceTree = "<group>"; };
		A7BDCA121AEA1B5E009521DC /* camera-flash-on.png */ = {isa = PBXFileReference; lastKnownFileType = image.png; path = "camera-flash-on.png"; sourceTree = "<group>"; };
		A7BDCA131AEA1B5E009521DC /* camera-flash-on@2x.png */ = {isa = PBXFileReference; lastKnownFileType = image.png; path = "camera-flash-on@2x.png"; sourceTree = "<group>"; };
		A7BDCA1A1AEA1D68009521DC /* PhotoVIew.h */ = {isa = PBXFileReference; fileEncoding = 4; lastKnownFileType = sourcecode.c.h; path = PhotoVIew.h; sourceTree = "<group>"; };
		A7BDCA1B1AEA1D68009521DC /* PhotoVIew.m */ = {isa = PBXFileReference; fileEncoding = 4; lastKnownFileType = sourcecode.c.objc; path = PhotoVIew.m; sourceTree = "<group>"; };
		A7BDCA211AEA2B6B009521DC /* fanhuijinguo.png */ = {isa = PBXFileReference; lastKnownFileType = image.png; path = fanhuijinguo.png; sourceTree = "<group>"; };
		A7BDCA221AEA2B6B009521DC /* fanhuijinguo@2x.png */ = {isa = PBXFileReference; lastKnownFileType = image.png; path = "fanhuijinguo@2x.png"; sourceTree = "<group>"; };
		A7BDCA251AEA3A17009521DC /* PeripheralsCell.h */ = {isa = PBXFileReference; fileEncoding = 4; lastKnownFileType = sourcecode.c.h; path = PeripheralsCell.h; sourceTree = "<group>"; };
		A7BDCA261AEA3A17009521DC /* PeripheralsCell.m */ = {isa = PBXFileReference; fileEncoding = 4; lastKnownFileType = sourcecode.c.objc; path = PeripheralsCell.m; sourceTree = "<group>"; };
		A7BDCA271AEA3A17009521DC /* PeripheralsCell.xib */ = {isa = PBXFileReference; fileEncoding = 4; lastKnownFileType = file.xib; path = PeripheralsCell.xib; sourceTree = "<group>"; };
		A7BDCA2A1AEA3AB1009521DC /* device_icon_off.png */ = {isa = PBXFileReference; lastKnownFileType = image.png; path = device_icon_off.png; sourceTree = "<group>"; };
		A7BDCA2B1AEA3AB1009521DC /* device_icon_on.png */ = {isa = PBXFileReference; lastKnownFileType = image.png; path = device_icon_on.png; sourceTree = "<group>"; };
		A7BDCA2E1AEA3C2F009521DC /* enter_down.png */ = {isa = PBXFileReference; lastKnownFileType = image.png; path = enter_down.png; sourceTree = "<group>"; };
		A7BDCA301AEA3C66009521DC /* enter_off.png */ = {isa = PBXFileReference; lastKnownFileType = image.png; path = enter_off.png; sourceTree = "<group>"; };
		A7BDCA361AEA401A009521DC /* connect_bottom_off.png */ = {isa = PBXFileReference; lastKnownFileType = image.png; path = connect_bottom_off.png; sourceTree = "<group>"; };
		A7BDCA371AEA401A009521DC /* connect_bottom_on.png */ = {isa = PBXFileReference; lastKnownFileType = image.png; path = connect_bottom_on.png; sourceTree = "<group>"; };
		A7BDCA3D1AEA44E1009521DC /* BleStatus.h */ = {isa = PBXFileReference; fileEncoding = 4; lastKnownFileType = sourcecode.c.h; path = BleStatus.h; sourceTree = "<group>"; };
		A7BDCA3E1AEA44E1009521DC /* BleStatus.m */ = {isa = PBXFileReference; fileEncoding = 4; lastKnownFileType = sourcecode.c.objc; path = BleStatus.m; sourceTree = "<group>"; };
		A7BDCA401AEA4947009521DC /* CoreAudio.framework */ = {isa = PBXFileReference; lastKnownFileType = wrapper.framework; name = CoreAudio.framework; path = System/Library/Frameworks/CoreAudio.framework; sourceTree = SDKROOT; };
		A7BDCA411AEA4947009521DC /* CoreAudioKit.framework */ = {isa = PBXFileReference; lastKnownFileType = wrapper.framework; name = CoreAudioKit.framework; path = System/Library/Frameworks/CoreAudioKit.framework; sourceTree = SDKROOT; };
		A7BDCA441AEA4954009521DC /* CoreBluetooth.framework */ = {isa = PBXFileReference; lastKnownFileType = wrapper.framework; name = CoreBluetooth.framework; path = System/Library/Frameworks/CoreBluetooth.framework; sourceTree = SDKROOT; };
		A7BDCA461AEA4961009521DC /* CoreGraphics.framework */ = {isa = PBXFileReference; lastKnownFileType = wrapper.framework; name = CoreGraphics.framework; path = System/Library/Frameworks/CoreGraphics.framework; sourceTree = SDKROOT; };
		A7BDCA481AEA88B6009521DC /* PeripheralsDetailSettingViewController.h */ = {isa = PBXFileReference; fileEncoding = 4; lastKnownFileType = sourcecode.c.h; path = PeripheralsDetailSettingViewController.h; sourceTree = "<group>"; };
		A7BDCA491AEA88B6009521DC /* PeripheralsDetailSettingViewController.m */ = {isa = PBXFileReference; fileEncoding = 4; lastKnownFileType = sourcecode.c.objc; path = PeripheralsDetailSettingViewController.m; sourceTree = "<group>"; };
		A7BDCA4A1AEA88B6009521DC /* PeripheralsDetailSettingViewController.xib */ = {isa = PBXFileReference; fileEncoding = 4; lastKnownFileType = file.xib; path = PeripheralsDetailSettingViewController.xib; sourceTree = "<group>"; };
		A7BDCA4D1AEA89E3009521DC /* line.png */ = {isa = PBXFileReference; lastKnownFileType = image.png; path = line.png; sourceTree = "<group>"; };
		A7F99CAF1AE8F2AC00C4103B /* BLECB.app */ = {isa = PBXFileReference; explicitFileType = wrapper.application; includeInIndex = 0; path = BLECB.app; sourceTree = BUILT_PRODUCTS_DIR; };
		A7F99CB31AE8F2AC00C4103B /* Info.plist */ = {isa = PBXFileReference; lastKnownFileType = text.plist.xml; path = Info.plist; sourceTree = "<group>"; };
		A7F99CB41AE8F2AC00C4103B /* main.m */ = {isa = PBXFileReference; lastKnownFileType = sourcecode.c.objc; path = main.m; sourceTree = "<group>"; };
		A7F99CB61AE8F2AC00C4103B /* AppDelegate.h */ = {isa = PBXFileReference; lastKnownFileType = sourcecode.c.h; path = AppDelegate.h; sourceTree = "<group>"; };
		A7F99CB71AE8F2AC00C4103B /* AppDelegate.m */ = {isa = PBXFileReference; lastKnownFileType = sourcecode.c.objc; path = AppDelegate.m; sourceTree = "<group>"; };
		A7F99CBA1AE8F2AC00C4103B /* BLECB.xcdatamodel */ = {isa = PBXFileReference; lastKnownFileType = wrapper.xcdatamodel; path = BLECB.xcdatamodel; sourceTree = "<group>"; };
		A7F99CBC1AE8F2AC00C4103B /* ViewController.h */ = {isa = PBXFileReference; lastKnownFileType = sourcecode.c.h; path = ViewController.h; sourceTree = "<group>"; };
		A7F99CBD1AE8F2AC00C4103B /* ViewController.m */ = {isa = PBXFileReference; lastKnownFileType = sourcecode.c.objc; path = ViewController.m; sourceTree = "<group>"; };
		A7F99CC01AE8F2AC00C4103B /* Base */ = {isa = PBXFileReference; lastKnownFileType = file.storyboard; name = Base; path = Base.lproj/Main.storyboard; sourceTree = "<group>"; };
		A7F99CCB1AE8F2AC00C4103B /* BLECBTests.xctest */ = {isa = PBXFileReference; explicitFileType = wrapper.cfbundle; includeInIndex = 0; path = BLECBTests.xctest; sourceTree = BUILT_PRODUCTS_DIR; };
		A7F99CD01AE8F2AC00C4103B /* Info.plist */ = {isa = PBXFileReference; lastKnownFileType = text.plist.xml; path = Info.plist; sourceTree = "<group>"; };
		A7F99CD11AE8F2AC00C4103B /* BLECBTests.m */ = {isa = PBXFileReference; lastKnownFileType = sourcecode.c.objc; path = BLECBTests.m; sourceTree = "<group>"; };
		A7F99CDB1AE8F2CB00C4103B /* Default-568h@2x.png */ = {isa = PBXFileReference; lastKnownFileType = image.png; path = "Default-568h@2x.png"; sourceTree = "<group>"; };
		A7F99CDC1AE8F2CB00C4103B /* Default.png */ = {isa = PBXFileReference; lastKnownFileType = image.png; path = Default.png; sourceTree = "<group>"; };
		A7F99CDD1AE8F2CB00C4103B /* Default@2x.png */ = {isa = PBXFileReference; lastKnownFileType = image.png; path = "Default@2x.png"; sourceTree = "<group>"; };
		A7F99CE41AE8F2CB00C4103B /* Icon.png */ = {isa = PBXFileReference; lastKnownFileType = image.png; path = Icon.png; sourceTree = "<group>"; };
		A7F99CE51AE8F2CB00C4103B /* Icon@2x.png */ = {isa = PBXFileReference; lastKnownFileType = image.png; path = "Icon@2x.png"; sourceTree = "<group>"; };
		A7F99CF31AE8F50C00C4103B /* Peripherals.h */ = {isa = PBXFileReference; fileEncoding = 4; lastKnownFileType = sourcecode.c.h; path = Peripherals.h; sourceTree = "<group>"; };
		A7F99CF41AE8F50C00C4103B /* Peripherals.m */ = {isa = PBXFileReference; fileEncoding = 4; lastKnownFileType = sourcecode.c.objc; path = Peripherals.m; sourceTree = "<group>"; };
		A7F99CF61AE8F57200C4103B /* photograph.h */ = {isa = PBXFileReference; fileEncoding = 4; lastKnownFileType = sourcecode.c.h; path = photograph.h; sourceTree = "<group>"; };
		A7F99CF71AE8F57200C4103B /* photograph.m */ = {isa = PBXFileReference; fileEncoding = 4; lastKnownFileType = sourcecode.c.objc; path = photograph.m; sourceTree = "<group>"; };
		A7F99CF91AE8F59300C4103B /* Loction.h */ = {isa = PBXFileReference; fileEncoding = 4; lastKnownFileType = sourcecode.c.h; path = Loction.h; sourceTree = "<group>"; };
		A7F99CFA1AE8F59300C4103B /* Loction.m */ = {isa = PBXFileReference; fileEncoding = 4; lastKnownFileType = sourcecode.c.objc; path = Loction.m; sourceTree = "<group>"; };
		A7F99CFC1AE8F5A800C4103B /* settings.h */ = {isa = PBXFileReference; fileEncoding = 4; lastKnownFileType = sourcecode.c.h; path = settings.h; sourceTree = "<group>"; };
		A7F99CFD1AE8F5A800C4103B /* settings.m */ = {isa = PBXFileReference; fileEncoding = 4; lastKnownFileType = sourcecode.c.objc; path = settings.m; sourceTree = "<group>"; };
		A7F99D101AE8F70B00C4103B /* camera_down.png */ = {isa = PBXFileReference; lastKnownFileType = image.png; path = camera_down.png; sourceTree = "<group>"; };
		A7F99D111AE8F70B00C4103B /* camera_down@2x.png */ = {isa = PBXFileReference; lastKnownFileType = image.png; path = "camera_down@2x.png"; sourceTree = "<group>"; };
		A7F99D121AE8F70B00C4103B /* device_down.png */ = {isa = PBXFileReference; lastKnownFileType = image.png; path = device_down.png; sourceTree = "<group>"; };
		A7F99D131AE8F70B00C4103B /* device_down@2x.png */ = {isa = PBXFileReference; lastKnownFileType = image.png; path = "device_down@2x.png"; sourceTree = "<group>"; };
		A7F99D141AE8F70B00C4103B /* local_down.png */ = {isa = PBXFileReference; lastKnownFileType = image.png; path = local_down.png; sourceTree = "<group>"; };
		A7F99D151AE8F70B00C4103B /* local_down@2x.png */ = {isa = PBXFileReference; lastKnownFileType = image.png; path = "local_down@2x.png"; sourceTree = "<group>"; };
		A7F99D161AE8F70B00C4103B /* setting_down.png */ = {isa = PBXFileReference; lastKnownFileType = image.png; path = setting_down.png; sourceTree = "<group>"; };
		A7F99D171AE8F70B00C4103B /* setting_down@2x.png */ = {isa = PBXFileReference; lastKnownFileType = image.png; path = "setting_down@2x.png"; sourceTree = "<group>"; };
		AF4BC961F24205C34EE19492 /* libPods.a */ = {isa = PBXFileReference; explicitFileType = archive.ar; includeInIndex = 0; path = libPods.a; sourceTree = BUILT_PRODUCTS_DIR; };
/* End PBXFileReference section */

/* Begin PBXFrameworksBuildPhase section */
		A7F99CAC1AE8F2AC00C4103B /* Frameworks */ = {
			isa = PBXFrameworksBuildPhase;
			buildActionMask = 2147483647;
			files = (
				A7BDCA471AEA4961009521DC /* CoreGraphics.framework in Frameworks */,
				A7BDCA451AEA4954009521DC /* CoreBluetooth.framework in Frameworks */,
				A7BDCA071AE9F02E009521DC /* CoreLocation.framework in Frameworks */,
				A7BDCA051AE9EFCC009521DC /* MapKit.framework in Frameworks */,
				8983E7B7A8136797E37915FD /* libPods.a in Frameworks */,
			);
			runOnlyForDeploymentPostprocessing = 0;
		};
		A7F99CC81AE8F2AC00C4103B /* Frameworks */ = {
			isa = PBXFrameworksBuildPhase;
			buildActionMask = 2147483647;
			files = (
			);
			runOnlyForDeploymentPostprocessing = 0;
		};
/* End PBXFrameworksBuildPhase section */

/* Begin PBXGroup section */
		71AE248DFBA2CD87E5180B3A /* Frameworks */ = {
			isa = PBXGroup;
			children = (
				A7BDCA461AEA4961009521DC /* CoreGraphics.framework */,
				A7BDCA441AEA4954009521DC /* CoreBluetooth.framework */,
				A7BDCA401AEA4947009521DC /* CoreAudio.framework */,
				A7BDCA411AEA4947009521DC /* CoreAudioKit.framework */,
				A7BDCA061AE9F02E009521DC /* CoreLocation.framework */,
				A7BDCA041AE9EFCC009521DC /* MapKit.framework */,
				AF4BC961F24205C34EE19492 /* libPods.a */,
			);
			name = Frameworks;
			sourceTree = "<group>";
		};
		A7BDC9F81AE9D8C6009521DC /* thirdSource */ = {
			isa = PBXGroup;
			children = (
			);
			name = thirdSource;
			sourceTree = "<group>";
		};
		A7F99CA61AE8F2AC00C4103B = {
			isa = PBXGroup;
			children = (
				A7F99CB11AE8F2AC00C4103B /* BLECB */,
				A7F99CCE1AE8F2AC00C4103B /* BLECBTests */,
				A7F99CB01AE8F2AC00C4103B /* Products */,
				EE2F8919815D8384810421CF /* Pods */,
				71AE248DFBA2CD87E5180B3A /* Frameworks */,
			);
			sourceTree = "<group>";
		};
		A7F99CB01AE8F2AC00C4103B /* Products */ = {
			isa = PBXGroup;
			children = (
				A7F99CAF1AE8F2AC00C4103B /* BLECB.app */,
				A7F99CCB1AE8F2AC00C4103B /* BLECBTests.xctest */,
			);
			name = Products;
			sourceTree = "<group>";
		};
		A7F99CB11AE8F2AC00C4103B /* BLECB */ = {
			isa = PBXGroup;
			children = (
				A7BDC9F81AE9D8C6009521DC /* thirdSource */,
				A7F99CF21AE8F41D00C4103B /* Controllers */,
				A7F99CF11AE8F40100C4103B /* images */,
				A7F99CB61AE8F2AC00C4103B /* AppDelegate.h */,
				A7F99CB71AE8F2AC00C4103B /* AppDelegate.m */,
				A7F99CBC1AE8F2AC00C4103B /* ViewController.h */,
				A7F99CBD1AE8F2AC00C4103B /* ViewController.m */,
				A7F99CBF1AE8F2AC00C4103B /* Main.storyboard */,
				A7617B161AE93CE200B2FCE9 /* Localizable.strings */,
				A7F99CB91AE8F2AC00C4103B /* BLECB.xcdatamodeld */,
				A7F99CB21AE8F2AC00C4103B /* Supporting Files */,
			);
			path = BLECB;
			sourceTree = "<group>";
		};
		A7F99CB21AE8F2AC00C4103B /* Supporting Files */ = {
			isa = PBXGroup;
			children = (
				A7F99CB31AE8F2AC00C4103B /* Info.plist */,
				A7F99CB41AE8F2AC00C4103B /* main.m */,
			);
			name = "Supporting Files";
			sourceTree = "<group>";
		};
		A7F99CCE1AE8F2AC00C4103B /* BLECBTests */ = {
			isa = PBXGroup;
			children = (
				A7F99CD11AE8F2AC00C4103B /* BLECBTests.m */,
				A7F99CCF1AE8F2AC00C4103B /* Supporting Files */,
			);
			path = BLECBTests;
			sourceTree = "<group>";
		};
		A7F99CCF1AE8F2AC00C4103B /* Supporting Files */ = {
			isa = PBXGroup;
			children = (
				A7F99CD01AE8F2AC00C4103B /* Info.plist */,
			);
			name = "Supporting Files";
			sourceTree = "<group>";
		};
		A7F99CF11AE8F40100C4103B /* images */ = {
			isa = PBXGroup;
			children = (
				A78931241AEF8EF5006C9FE7 /* scan_normal.png */,
				A79193941AEF69CB0033FA59 /* popback.png */,
				A79193831AEE7F4C0033FA59 /* 电子警报音效.mp3 */,
				A79193841AEE7F4C0033FA59 /* 防盗器音效.mp3 */,
				A79193851AEE7F4C0033FA59 /* 雷达咚咚音效.mp3 */,
				A79193861AEE7F4C0033FA59 /* 信号灯音效.mp3 */,
				A7BDCA4D1AEA89E3009521DC /* line.png */,
				A7BDCA361AEA401A009521DC /* connect_bottom_off.png */,
				A7BDCA371AEA401A009521DC /* connect_bottom_on.png */,
				A7BDCA301AEA3C66009521DC /* enter_off.png */,
				A7BDCA2E1AEA3C2F009521DC /* enter_down.png */,
				A7BDCA2A1AEA3AB1009521DC /* device_icon_off.png */,
				A7BDCA2B1AEA3AB1009521DC /* device_icon_on.png */,
				A7BDCA211AEA2B6B009521DC /* fanhuijinguo.png */,
				A7BDCA221AEA2B6B009521DC /* fanhuijinguo@2x.png */,
				A7BDCA0E1AEA1B5E009521DC /* camera-switch.png */,
				A7BDCA0F1AEA1B5E009521DC /* camera-switch@2x.png */,
				A7BDCA101AEA1B5E009521DC /* camera-flash-off.png */,
				A7BDCA111AEA1B5E009521DC /* camera-flash-off@2x.png */,
				A7BDCA121AEA1B5E009521DC /* camera-flash-on.png */,
				A7BDCA131AEA1B5E009521DC /* camera-flash-on@2x.png */,
				A7BDCA021AE9EDB1009521DC /* album.png */,
				A7BDCA001AE9E4C6009521DC /* tab_photograp_bg.png */,
				A7F99CFF1AE8F6C600C4103B /* barItem */,
				A7F99CDB1AE8F2CB00C4103B /* Default-568h@2x.png */,
				A7F99CDC1AE8F2CB00C4103B /* Default.png */,
				A7F99CDD1AE8F2CB00C4103B /* Default@2x.png */,
				A7F99CE41AE8F2CB00C4103B /* Icon.png */,
				A7F99CE51AE8F2CB00C4103B /* Icon@2x.png */,
			);
			name = images;
			sourceTree = "<group>";
		};
		A7F99CF21AE8F41D00C4103B /* Controllers */ = {
			isa = PBXGroup;
			children = (
				A7F99CF31AE8F50C00C4103B /* Peripherals.h */,
				A7F99CF41AE8F50C00C4103B /* Peripherals.m */,
				A7F99CF61AE8F57200C4103B /* photograph.h */,
				A7F99CF71AE8F57200C4103B /* photograph.m */,
				A7F99CF91AE8F59300C4103B /* Loction.h */,
				A7F99CFA1AE8F59300C4103B /* Loction.m */,
				A7F99CFC1AE8F5A800C4103B /* settings.h */,
				A7F99CFD1AE8F5A800C4103B /* settings.m */,
				A7BDCA1A1AEA1D68009521DC /* PhotoVIew.h */,
				A7BDCA1B1AEA1D68009521DC /* PhotoVIew.m */,
				A7BDCA251AEA3A17009521DC /* PeripheralsCell.h */,
				A7BDCA261AEA3A17009521DC /* PeripheralsCell.m */,
				A7BDCA271AEA3A17009521DC /* PeripheralsCell.xib */,
				A7BDCA3D1AEA44E1009521DC /* BleStatus.h */,
				A7BDCA3E1AEA44E1009521DC /* BleStatus.m */,
				A7BDCA481AEA88B6009521DC /* PeripheralsDetailSettingViewController.h */,
				A7BDCA491AEA88B6009521DC /* PeripheralsDetailSettingViewController.m */,
				A7BDCA4A1AEA88B6009521DC /* PeripheralsDetailSettingViewController.xib */,
			);
			name = Controllers;
			sourceTree = "<group>";
		};
		A7F99CFF1AE8F6C600C4103B /* barItem */ = {
			isa = PBXGroup;
			children = (
				A7F99D101AE8F70B00C4103B /* camera_down.png */,
				A7F99D111AE8F70B00C4103B /* camera_down@2x.png */,
				A7F99D121AE8F70B00C4103B /* device_down.png */,
				A7F99D131AE8F70B00C4103B /* device_down@2x.png */,
				A7F99D141AE8F70B00C4103B /* local_down.png */,
				A7F99D151AE8F70B00C4103B /* local_down@2x.png */,
				A7F99D161AE8F70B00C4103B /* setting_down.png */,
				A7F99D171AE8F70B00C4103B /* setting_down@2x.png */,
			);
			name = barItem;
			sourceTree = "<group>";
		};
		EE2F8919815D8384810421CF /* Pods */ = {
			isa = PBXGroup;
			children = (
				4A634B759F2F3D4B3E3491E5 /* Pods.debug.xcconfig */,
				0C76B6313D6A863E9C9D3B11 /* Pods.release.xcconfig */,
			);
			name = Pods;
			sourceTree = "<group>";
		};
/* End PBXGroup section */

/* Begin PBXNativeTarget section */
		A7F99CAE1AE8F2AC00C4103B /* BLECB */ = {
			isa = PBXNativeTarget;
			buildConfigurationList = A7F99CD51AE8F2AC00C4103B /* Build configuration list for PBXNativeTarget "BLECB" */;
			buildPhases = (
				215627B2AA77E453F9925279 /* Check Pods Manifest.lock */,
				A7F99CAB1AE8F2AC00C4103B /* Sources */,
				A7F99CAC1AE8F2AC00C4103B /* Frameworks */,
				A7F99CAD1AE8F2AC00C4103B /* Resources */,
				B1C99FB3E27558EE100D3EF6 /* Copy Pods Resources */,
			);
			buildRules = (
			);
			dependencies = (
			);
			name = BLECB;
			productName = BLECB;
			productReference = A7F99CAF1AE8F2AC00C4103B /* BLECB.app */;
			productType = "com.apple.product-type.application";
		};
		A7F99CCA1AE8F2AC00C4103B /* BLECBTests */ = {
			isa = PBXNativeTarget;
			buildConfigurationList = A7F99CD81AE8F2AC00C4103B /* Build configuration list for PBXNativeTarget "BLECBTests" */;
			buildPhases = (
				A7F99CC71AE8F2AC00C4103B /* Sources */,
				A7F99CC81AE8F2AC00C4103B /* Frameworks */,
				A7F99CC91AE8F2AC00C4103B /* Resources */,
			);
			buildRules = (
			);
			dependencies = (
				A7F99CCD1AE8F2AC00C4103B /* PBXTargetDependency */,
			);
			name = BLECBTests;
			productName = BLECBTests;
			productReference = A7F99CCB1AE8F2AC00C4103B /* BLECBTests.xctest */;
			productType = "com.apple.product-type.bundle.unit-test";
		};
/* End PBXNativeTarget section */

/* Begin PBXProject section */
		A7F99CA71AE8F2AC00C4103B /* Project object */ = {
			isa = PBXProject;
			attributes = {
				LastUpgradeCheck = 0620;
				ORGANIZATIONNAME = "Huang Shan";
				TargetAttributes = {
					A7F99CAE1AE8F2AC00C4103B = {
						CreatedOnToolsVersion = 6.2;
					};
					A7F99CCA1AE8F2AC00C4103B = {
						CreatedOnToolsVersion = 6.2;
						TestTargetID = A7F99CAE1AE8F2AC00C4103B;
					};
				};
			};
			buildConfigurationList = A7F99CAA1AE8F2AC00C4103B /* Build configuration list for PBXProject "BLECB" */;
			compatibilityVersion = "Xcode 3.2";
			developmentRegion = English;
			hasScannedForEncodings = 0;
			knownRegions = (
				en,
				Base,
				"zh-Hans",
			);
			mainGroup = A7F99CA61AE8F2AC00C4103B;
			productRefGroup = A7F99CB01AE8F2AC00C4103B /* Products */;
			projectDirPath = "";
			projectRoot = "";
			targets = (
				A7F99CAE1AE8F2AC00C4103B /* BLECB */,
				A7F99CCA1AE8F2AC00C4103B /* BLECBTests */,
			);
		};
/* End PBXProject section */

/* Begin PBXResourcesBuildPhase section */
		A7F99CAD1AE8F2AC00C4103B /* Resources */ = {
			isa = PBXResourcesBuildPhase;
			buildActionMask = 2147483647;
			files = (
				A7F99CE81AE8F2CB00C4103B /* Default@2x.png in Resources */,
				A7BDCA011AE9E4C6009521DC /* tab_photograp_bg.png in Resources */,
				A7BDCA391AEA401A009521DC /* connect_bottom_on.png in Resources */,
				A7F99D1C1AE8F70B00C4103B /* local_down.png in Resources */,
				A7F99CC11AE8F2AC00C4103B /* Main.storyboard in Resources */,
				A7F99D1F1AE8F70B00C4103B /* setting_down@2x.png in Resources */,
				A7BDCA171AEA1B5E009521DC /* camera-flash-off@2x.png in Resources */,
				A7BDCA2F1AEA3C2F009521DC /* enter_down.png in Resources */,
				A79193891AEE7F4D0033FA59 /* 雷达咚咚音效.mp3 in Resources */,
				A7BDCA151AEA1B5E009521DC /* camera-switch@2x.png in Resources */,
				A7F99D1B1AE8F70B00C4103B /* device_down@2x.png in Resources */,
				A7F99D1D1AE8F70B00C4103B /* local_down@2x.png in Resources */,
				A79193881AEE7F4D0033FA59 /* 防盗器音效.mp3 in Resources */,
				A79193871AEE7F4D0033FA59 /* 电子警报音效.mp3 in Resources */,
				A7BDCA381AEA401A009521DC /* connect_bottom_off.png in Resources */,
				A791938A1AEE7F4D0033FA59 /* 信号灯音效.mp3 in Resources */,
				A7F99CE61AE8F2CB00C4103B /* Default-568h@2x.png in Resources */,
				A7F99CEF1AE8F2CB00C4103B /* Icon.png in Resources */,
				A7F99CF01AE8F2CB00C4103B /* Icon@2x.png in Resources */,
				A7F99D181AE8F70B00C4103B /* camera_down.png in Resources */,
				A7BDCA2C1AEA3AB1009521DC /* device_icon_off.png in Resources */,
				A7BDCA4E1AEA89E3009521DC /* line.png in Resources */,
				A7617B141AE93CE200B2FCE9 /* Localizable.strings in Resources */,
				A78931251AEF8EF5006C9FE7 /* scan_normal.png in Resources */,
				A7BDCA031AE9EDB1009521DC /* album.png in Resources */,
				A79193951AEF69CB0033FA59 /* popback.png in Resources */,
				A7F99CE71AE8F2CB00C4103B /* Default.png in Resources */,
				A7BDCA311AEA3C66009521DC /* enter_off.png in Resources */,
				A7BDCA161AEA1B5E009521DC /* camera-flash-off.png in Resources */,
				A7BDCA4C1AEA88B6009521DC /* PeripheralsDetailSettingViewController.xib in Resources */,
				A7BDCA231AEA2B6B009521DC /* fanhuijinguo.png in Resources */,
				A7BDCA241AEA2B6B009521DC /* fanhuijinguo@2x.png in Resources */,
				A7BDCA141AEA1B5E009521DC /* camera-switch.png in Resources */,
				A7BDCA2D1AEA3AB1009521DC /* device_icon_on.png in Resources */,
				A7BDCA181AEA1B5E009521DC /* camera-flash-on.png in Resources */,
				A7F99D1E1AE8F70B00C4103B /* setting_down.png in Resources */,
				A7F99D191AE8F70B00C4103B /* camera_down@2x.png in Resources */,
				A7BDCA291AEA3A17009521DC /* PeripheralsCell.xib in Resources */,
				A7BDCA191AEA1B5E009521DC /* camera-flash-on@2x.png in Resources */,
				A7F99D1A1AE8F70B00C4103B /* device_down.png in Resources */,
			);
			runOnlyForDeploymentPostprocessing = 0;
		};
		A7F99CC91AE8F2AC00C4103B /* Resources */ = {
			isa = PBXResourcesBuildPhase;
			buildActionMask = 2147483647;
			files = (
			);
			runOnlyForDeploymentPostprocessing = 0;
		};
/* End PBXResourcesBuildPhase section */

/* Begin PBXShellScriptBuildPhase section */
		215627B2AA77E453F9925279 /* Check Pods Manifest.lock */ = {
			isa = PBXShellScriptBuildPhase;
			buildActionMask = 2147483647;
			files = (
			);
			inputPaths = (
			);
			name = "Check Pods Manifest.lock";
			outputPaths = (
			);
			runOnlyForDeploymentPostprocessing = 0;
			shellPath = /bin/sh;
			shellScript = "diff \"${PODS_ROOT}/../Podfile.lock\" \"${PODS_ROOT}/Manifest.lock\" > /dev/null\nif [[ $? != 0 ]] ; then\n    cat << EOM\nerror: The sandbox is not in sync with the Podfile.lock. Run 'pod install' or update your CocoaPods installation.\nEOM\n    exit 1\nfi\n";
			showEnvVarsInLog = 0;
		};
		B1C99FB3E27558EE100D3EF6 /* Copy Pods Resources */ = {
			isa = PBXShellScriptBuildPhase;
			buildActionMask = 2147483647;
			files = (
			);
			inputPaths = (
			);
			name = "Copy Pods Resources";
			outputPaths = (
			);
			runOnlyForDeploymentPostprocessing = 0;
			shellPath = /bin/sh;
			shellScript = "\"${SRCROOT}/Pods/Target Support Files/Pods/Pods-resources.sh\"\n";
			showEnvVarsInLog = 0;
		};
/* End PBXShellScriptBuildPhase section */

/* Begin PBXSourcesBuildPhase section */
		A7F99CAB1AE8F2AC00C4103B /* Sources */ = {
			isa = PBXSourcesBuildPhase;
			buildActionMask = 2147483647;
			files = (
				A7F99CB81AE8F2AC00C4103B /* AppDelegate.m in Sources */,
				A7F99CF51AE8F50C00C4103B /* Peripherals.m in Sources */,
				A7F99CB51AE8F2AC00C4103B /* main.m in Sources */,
				A7F99CF81AE8F57200C4103B /* photograph.m in Sources */,
				A7BDCA3F1AEA44E1009521DC /* BleStatus.m in Sources */,
				A7F99CFB1AE8F59300C4103B /* Loction.m in Sources */,
				A7BDCA281AEA3A17009521DC /* PeripheralsCell.m in Sources */,
				A7BDCA4B1AEA88B6009521DC /* PeripheralsDetailSettingViewController.m in Sources */,
				A7F99CBE1AE8F2AC00C4103B /* ViewController.m in Sources */,
				A7BDCA1C1AEA1D68009521DC /* PhotoVIew.m in Sources */,
				A7F99CFE1AE8F5A800C4103B /* settings.m in Sources */,
				A7F99CBB1AE8F2AC00C4103B /* BLECB.xcdatamodeld in Sources */,
			);
			runOnlyForDeploymentPostprocessing = 0;
		};
		A7F99CC71AE8F2AC00C4103B /* Sources */ = {
			isa = PBXSourcesBuildPhase;
			buildActionMask = 2147483647;
			files = (
				A7F99CD21AE8F2AC00C4103B /* BLECBTests.m in Sources */,
			);
			runOnlyForDeploymentPostprocessing = 0;
		};
/* End PBXSourcesBuildPhase section */

/* Begin PBXTargetDependency section */
		A7F99CCD1AE8F2AC00C4103B /* PBXTargetDependency */ = {
			isa = PBXTargetDependency;
			target = A7F99CAE1AE8F2AC00C4103B /* BLECB */;
			targetProxy = A7F99CCC1AE8F2AC00C4103B /* PBXContainerItemProxy */;
		};
/* End PBXTargetDependency section */

/* Begin PBXVariantGroup section */
		A7617B161AE93CE200B2FCE9 /* Localizable.strings */ = {
			isa = PBXVariantGroup;
			children = (
				A7617B181AE9405F00B2FCE9 /* zh-Hans */,
				A7617B1A1AE9407C00B2FCE9 /* Base */,
			);
			name = Localizable.strings;
			sourceTree = "<group>";
		};
		A7F99CBF1AE8F2AC00C4103B /* Main.storyboard */ = {
			isa = PBXVariantGroup;
			children = (
				A7F99CC01AE8F2AC00C4103B /* Base */,
				A7617B111AE93B5C00B2FCE9 /* zh-Hans */,
			);
			name = Main.storyboard;
			sourceTree = "<group>";
		};
/* End PBXVariantGroup section */

/* Begin XCBuildConfiguration section */
		A7F99CD31AE8F2AC00C4103B /* Debug */ = {
			isa = XCBuildConfiguration;
			buildSettings = {
				ALWAYS_SEARCH_USER_PATHS = NO;
				CLANG_CXX_LANGUAGE_STANDARD = "gnu++0x";
				CLANG_CXX_LIBRARY = "libc++";
				CLANG_ENABLE_MODULES = YES;
				CLANG_ENABLE_OBJC_ARC = YES;
				CLANG_WARN_BOOL_CONVERSION = YES;
				CLANG_WARN_CONSTANT_CONVERSION = YES;
				CLANG_WARN_DIRECT_OBJC_ISA_USAGE = YES_ERROR;
				CLANG_WARN_EMPTY_BODY = YES;
				CLANG_WARN_ENUM_CONVERSION = YES;
				CLANG_WARN_INT_CONVERSION = YES;
				CLANG_WARN_OBJC_ROOT_CLASS = YES_ERROR;
				CLANG_WARN_UNREACHABLE_CODE = YES;
				CLANG_WARN__DUPLICATE_METHOD_MATCH = YES;
				"CODE_SIGN_IDENTITY[sdk=iphoneos*]" = "iPhone Developer";
				COPY_PHASE_STRIP = NO;
				ENABLE_STRICT_OBJC_MSGSEND = YES;
				GCC_C_LANGUAGE_STANDARD = gnu99;
				GCC_DYNAMIC_NO_PIC = NO;
				GCC_OPTIMIZATION_LEVEL = 0;
				GCC_PREPROCESSOR_DEFINITIONS = (
					"DEBUG=1",
					"$(inherited)",
				);
				GCC_SYMBOLS_PRIVATE_EXTERN = NO;
				GCC_WARN_64_TO_32_BIT_CONVERSION = YES;
				GCC_WARN_ABOUT_RETURN_TYPE = YES_ERROR;
				GCC_WARN_UNDECLARED_SELECTOR = YES;
				GCC_WARN_UNINITIALIZED_AUTOS = YES_AGGRESSIVE;
				GCC_WARN_UNUSED_FUNCTION = YES;
				GCC_WARN_UNUSED_VARIABLE = YES;
				IPHONEOS_DEPLOYMENT_TARGET = 8.0;
				MTL_ENABLE_DEBUG_INFO = YES;
				ONLY_ACTIVE_ARCH = YES;
				SDKROOT = iphoneos;
			};
			name = Debug;
		};
		A7F99CD41AE8F2AC00C4103B /* Release */ = {
			isa = XCBuildConfiguration;
			buildSettings = {
				ALWAYS_SEARCH_USER_PATHS = NO;
				CLANG_CXX_LANGUAGE_STANDARD = "gnu++0x";
				CLANG_CXX_LIBRARY = "libc++";
				CLANG_ENABLE_MODULES = YES;
				CLANG_ENABLE_OBJC_ARC = YES;
				CLANG_WARN_BOOL_CONVERSION = YES;
				CLANG_WARN_CONSTANT_CONVERSION = YES;
				CLANG_WARN_DIRECT_OBJC_ISA_USAGE = YES_ERROR;
				CLANG_WARN_EMPTY_BODY = YES;
				CLANG_WARN_ENUM_CONVERSION = YES;
				CLANG_WARN_INT_CONVERSION = YES;
				CLANG_WARN_OBJC_ROOT_CLASS = YES_ERROR;
				CLANG_WARN_UNREACHABLE_CODE = YES;
				CLANG_WARN__DUPLICATE_METHOD_MATCH = YES;
				"CODE_SIGN_IDENTITY[sdk=iphoneos*]" = "iPhone Developer";
				COPY_PHASE_STRIP = NO;
				ENABLE_NS_ASSERTIONS = NO;
				ENABLE_STRICT_OBJC_MSGSEND = YES;
				GCC_C_LANGUAGE_STANDARD = gnu99;
				GCC_WARN_64_TO_32_BIT_CONVERSION = YES;
				GCC_WARN_ABOUT_RETURN_TYPE = YES_ERROR;
				GCC_WARN_UNDECLARED_SELECTOR = YES;
				GCC_WARN_UNINITIALIZED_AUTOS = YES_AGGRESSIVE;
				GCC_WARN_UNUSED_FUNCTION = YES;
				GCC_WARN_UNUSED_VARIABLE = YES;
				IPHONEOS_DEPLOYMENT_TARGET = 8.0;
				MTL_ENABLE_DEBUG_INFO = NO;
				SDKROOT = iphoneos;
				VALIDATE_PRODUCT = YES;
			};
			name = Release;
		};
		A7F99CD61AE8F2AC00C4103B /* Debug */ = {
			isa = XCBuildConfiguration;
			baseConfigurationReference = 4A634B759F2F3D4B3E3491E5 /* Pods.debug.xcconfig */;
			buildSettings = {
				ASSETCATALOG_COMPILER_LAUNCHIMAGE_NAME = LaunchImage;
				INFOPLIST_FILE = BLECB/Info.plist;
				IPHONEOS_DEPLOYMENT_TARGET = 6.0;
				LD_RUNPATH_SEARCH_PATHS = "$(inherited) @executable_path/Frameworks";
				PRODUCT_NAME = "$(TARGET_NAME)";
			};
			name = Debug;
		};
		A7F99CD71AE8F2AC00C4103B /* Release */ = {
			isa = XCBuildConfiguration;
			baseConfigurationReference = 0C76B6313D6A863E9C9D3B11 /* Pods.release.xcconfig */;
			buildSettings = {
				ASSETCATALOG_COMPILER_LAUNCHIMAGE_NAME = LaunchImage;
				INFOPLIST_FILE = BLECB/Info.plist;
				IPHONEOS_DEPLOYMENT_TARGET = 6.0;
				LD_RUNPATH_SEARCH_PATHS = "$(inherited) @executable_path/Frameworks";
				PRODUCT_NAME = "$(TARGET_NAME)";
			};
			name = Release;
		};
		A7F99CD91AE8F2AC00C4103B /* Debug */ = {
			isa = XCBuildConfiguration;
			buildSettings = {
				BUNDLE_LOADER = "$(TEST_HOST)";
				FRAMEWORK_SEARCH_PATHS = (
					"$(SDKROOT)/Developer/Library/Frameworks",
					"$(inherited)",
				);
				GCC_PREPROCESSOR_DEFINITIONS = (
					"DEBUG=1",
					"$(inherited)",
				);
				INFOPLIST_FILE = BLECBTests/Info.plist;
				LD_RUNPATH_SEARCH_PATHS = "$(inherited) @executable_path/Frameworks @loader_path/Frameworks";
				PRODUCT_NAME = "$(TARGET_NAME)";
				TEST_HOST = "$(BUILT_PRODUCTS_DIR)/BLECB.app/BLECB";
			};
			name = Debug;
		};
		A7F99CDA1AE8F2AC00C4103B /* Release */ = {
			isa = XCBuildConfiguration;
			buildSettings = {
				BUNDLE_LOADER = "$(TEST_HOST)";
				FRAMEWORK_SEARCH_PATHS = (
					"$(SDKROOT)/Developer/Library/Frameworks",
					"$(inherited)",
				);
				INFOPLIST_FILE = BLECBTests/Info.plist;
				LD_RUNPATH_SEARCH_PATHS = "$(inherited) @executable_path/Frameworks @loader_path/Frameworks";
				PRODUCT_NAME = "$(TARGET_NAME)";
				TEST_HOST = "$(BUILT_PRODUCTS_DIR)/BLECB.app/BLECB";
			};
			name = Release;
		};
/* End XCBuildConfiguration section */

/* Begin XCConfigurationList section */
		A7F99CAA1AE8F2AC00C4103B /* Build configuration list for PBXProject "BLECB" */ = {
			isa = XCConfigurationList;
			buildConfigurations = (
				A7F99CD31AE8F2AC00C4103B /* Debug */,
				A7F99CD41AE8F2AC00C4103B /* Release */,
			);
			defaultConfigurationIsVisible = 0;
			defaultConfigurationName = Release;
		};
		A7F99CD51AE8F2AC00C4103B /* Build configuration list for PBXNativeTarget "BLECB" */ = {
			isa = XCConfigurationList;
			buildConfigurations = (
				A7F99CD61AE8F2AC00C4103B /* Debug */,
				A7F99CD71AE8F2AC00C4103B /* Release */,
			);
			defaultConfigurationIsVisible = 0;
			defaultConfigurationName = Release;
		};
		A7F99CD81AE8F2AC00C4103B /* Build configuration list for PBXNativeTarget "BLECBTests" */ = {
			isa = XCConfigurationList;
			buildConfigurations = (
				A7F99CD91AE8F2AC00C4103B /* Debug */,
				A7F99CDA1AE8F2AC00C4103B /* Release */,
			);
			defaultConfigurationIsVisible = 0;
			defaultConfigurationName = Release;
		};
/* End XCConfigurationList section */

/* Begin XCVersionGroup section */
		A7F99CB91AE8F2AC00C4103B /* BLECB.xcdatamodeld */ = {
			isa = XCVersionGroup;
			children = (
				A7F99CBA1AE8F2AC00C4103B /* BLECB.xcdatamodel */,
			);
			currentVersion = A7F99CBA1AE8F2AC00C4103B /* BLECB.xcdatamodel */;
			path = BLECB.xcdatamodeld;
			sourceTree = "<group>";
			versionGroupType = wrapper.xcdatamodel;
		};
/* End XCVersionGroup section */
	};
	rootObject = A7F99CA71AE8F2AC00C4103B /* Project object */;
}
